
Microsoft Visual Studio Solution File, Format Version 12.00
# Visual Studio Version 16
VisualStudioVersion = 16.0.29001.49
MinimumVisualStudioVersion = 10.0.40219.1
Project("{FAE04EC0-301F-11D3-BF4B-00C04F79EFBC}") = "Rozgrzewka23042023", "Rozgrzewka23042023\Rozgrzewka23042023.csproj", "{59DABD1D-2CAB-4D8A-8FEB-F908DAE89AEF}"
EndProject
Global
	GlobalSection(SolutionConfigurationPlatforms) = preSolution
		Debug|Any CPU = Debug|Any CPU
		Release|Any CPU = Release|Any CPU
	EndGlobalSection
	GlobalSection(ProjectConfigurationPlatforms) = postSolution
		{59DABD1D-2CAB-4D8A-8FEB-F908DAE89AEF}.Debug|Any CPU.ActiveCfg = Debug|Any CPU
		{59DABD1D-2CAB-4D8A-8FEB-F908DAE89AEF}.Debug|Any CPU.Build.0 = Debug|Any CPU
		{59DABD1D-2CAB-4D8A-8FEB-F908DAE89AEF}.Release|Any CPU.ActiveCfg = Release|Any CPU
		{59DABD1D-2CAB-4D8A-8FEB-F908DAE89AEF}.Release|Any CPU.Build.0 = Release|Any CPU
	EndGlobalSection
	GlobalSection(SolutionProperties) = preSolution
		HideSolutionNode = FALSE
	EndGlobalSection
	GlobalSection(ExtensibilityGlobals) = postSolution
		SolutionGuid = {D19AF76E-9013-4A51-87F5-62C0B8261788}
	EndGlobalSection
EndGlobal
